# THIS IS AN AUTOGENERATED FILE. DO NOT EDIT THIS FILE DIRECTLY.
# yarn lockfile v1


"bs-platform@6 || 7 || 8 || 9":
  version "9.0.2"
  resolved "https://registry.npmjs.org/bs-platform/-/bs-platform-9.0.2.tgz"
  integrity sha512-Ye9JqJ4Oa7mcjjoOVRYI8Uc2Cf8N7jQLWDcdUplY7996d/YErSR7WitmV7XnSwr4EvdrbwjEsg1NxNjUQv3ChA==

decco@^1.6.0:
  version "1.6.0"
  resolved "https://registry.npmjs.org/decco/-/decco-1.6.0.tgz"
  integrity sha512-gdeDDPOh45Hz8YGvTkDP7ySo3Ll3ty+KfuFj21+jRbiCoE8HTCNB++pozCiMljxJx39CfvrHRYBY5FO5PMyXzw==

rescript@^10.1.4:
  version "10.1.4"
  resolved "https://registry.npmjs.org/rescript/-/rescript-10.1.4.tgz"
  integrity sha512-FFKlS9AG/XrLepWsyw7B+A9DtQBPWEPDPDKghV831Y2KGbie+eeFBOS0xtRHp0xbt7S0N2Dm6hhX+kTZQ/3Ybg==
