# THIS IS AN AUTOGENERATED FILE. DO NOT EDIT THIS FILE DIRECTLY.
# yarn lockfile v1


decco@^1.6.0:
  version "1.6.0"
  resolved "https://registry.yarnpkg.com/decco/-/decco-1.6.0.tgz#79a07d518691f92519066a067b77f04ce89b4896"
  integrity sha512-gdeDDPOh45Hz8YGvTkDP7ySo3Ll3ty+KfuFj21+jRbiCoE8HTCNB++pozCiMljxJx39CfvrHRYBY5FO5PMyXzw==

rescript@^10.1.4:
  version "10.1.4"
  resolved "https://registry.yarnpkg.com/rescript/-/rescript-10.1.4.tgz#0f37710d371f32a704f17b4e804f66ce3c79a305"
  integrity sha512-FFKlS9AG/XrLepWsyw7B+A9DtQBPWEPDPDKghV831Y2KGbie+eeFBOS0xtRHp0xbt7S0N2Dm6hhX+kTZQ/3Ybg==
